
Microsoft Visual Studio Solution File, Format Version 12.00
# Visual Studio Version 17
VisualStudioVersion = 17.1.32228.430
MinimumVisualStudioVersion = 10.0.40219.1
Project("{8BC9CEB8-8B4A-11D0-8D11-00A0C91BC942}") = "Sender", "Sender\Sender.vcxproj", "{05793334-3170-4D7E-AD5A-DD2AEDDA49DA}"
EndProject
Project("{8BC9CEB8-8B4A-11D0-8D11-00A0C91BC942}") = "Receiver", "Receiver\Receiver.vcxproj", "{4E127E6F-3659-4B49-8405-B0477737B844}"
	ProjectSection(ProjectDependencies) = postProject
		{05793334-3170-4D7E-AD5A-DD2AEDDA49DA} = {05793334-3170-4D7E-AD5A-DD2AEDDA49DA}
	EndProjectSection
EndProject
Global
	GlobalSection(SolutionConfigurationPlatforms) = preSolution
		Debug|x64 = Debug|x64
		Debug|x86 = Debug|x86
		Release|x64 = Release|x64
		Release|x86 = Release|x86
	EndGlobalSection
	GlobalSection(ProjectConfigurationPlatforms) = postSolution
		{05793334-3170-4D7E-AD5A-DD2AEDDA49DA}.Debug|x64.ActiveCfg = Debug|x64
		{05793334-3170-4D7E-AD5A-DD2AEDDA49DA}.Debug|x64.Build.0 = Debug|x64
		{05793334-3170-4D7E-AD5A-DD2AEDDA49DA}.Debug|x86.ActiveCfg = Debug|Win32
		{05793334-3170-4D7E-AD5A-DD2AEDDA49DA}.Debug|x86.Build.0 = Debug|Win32
		{05793334-3170-4D7E-AD5A-DD2AEDDA49DA}.Release|x64.ActiveCfg = Release|x64
		{05793334-3170-4D7E-AD5A-DD2AEDDA49DA}.Release|x64.Build.0 = Release|x64
		{05793334-3170-4D7E-AD5A-DD2AEDDA49DA}.Release|x86.ActiveCfg = Release|Win32
		{05793334-3170-4D7E-AD5A-DD2AEDDA49DA}.Release|x86.Build.0 = Release|Win32
		{4E127E6F-3659-4B49-8405-B0477737B844}.Debug|x64.ActiveCfg = Debug|x64
		{4E127E6F-3659-4B49-8405-B0477737B844}.Debug|x64.Build.0 = Debug|x64
		{4E127E6F-3659-4B49-8405-B0477737B844}.Debug|x86.ActiveCfg = Debug|Win32
		{4E127E6F-3659-4B49-8405-B0477737B844}.Debug|x86.Build.0 = Debug|Win32
		{4E127E6F-3659-4B49-8405-B0477737B844}.Release|x64.ActiveCfg = Release|x64
		{4E127E6F-3659-4B49-8405-B0477737B844}.Release|x64.Build.0 = Release|x64
		{4E127E6F-3659-4B49-8405-B0477737B844}.Release|x86.ActiveCfg = Release|Win32
		{4E127E6F-3659-4B49-8405-B0477737B844}.Release|x86.Build.0 = Release|Win32
	EndGlobalSection
	GlobalSection(SolutionProperties) = preSolution
		HideSolutionNode = FALSE
	EndGlobalSection
	GlobalSection(ExtensibilityGlobals) = postSolution
		SolutionGuid = {B0701540-E668-43E6-89CD-C1289B1B9394}
	EndGlobalSection
EndGlobal
